{
  "name": "gv-ticketer",
  "version": "1.0.0",
  "lockfileVersion": 2,
  "requires": true,
  "packages": {
    "": {
      "name": "gv-ticketer",
      "version": "1.0.0",
      "license": "ISC",
      "dependencies": {
        "@types/node": "^12.19.0",
        "moment": "^2.10.3",
        "typescript": "^3.4.5"
      }
    },
    "node_modules/@types/node": {
      "version": "12.19.7",
      "resolved": "https://registry.npmjs.org/@types/node/-/node-12.19.7.tgz",
      "integrity": "sha512-zvjOU1g4CpPilbTDUATnZCUb/6lARMRAqzT7ILwl1P3YvU2leEcZ2+fw9+Jrw/paXB1CgQyXTrN4hWDtqT9O2A=="
    },
    "node_modules/moment": {
      "version": "2.29.3",
      "resolved": "https://registry.npmjs.org/moment/-/moment-2.29.3.tgz",
      "integrity": "sha512-c6YRvhEo//6T2Jz/vVtYzqBzwvPT95JBQ+smCytzf7c50oMZRsR/a4w88aD34I+/QVSfnoAnSBFPJHItlOMJVw==",
      "engines": {
        "node": "*"
      }
    },
    "node_modules/typescript": {
      "version": "3.9.7",
      "resolved": "https://registry.npmjs.org/typescript/-/typescript-3.9.7.tgz",
      "integrity": "sha512-BLbiRkiBzAwsjut4x/dsibSTB6yWpwT5qWmC2OfuCg3GgVQCSgMs4vEctYPhsaGtd0AeuuHMkjZ2h2WG8MSzRw==",
      "bin": {
        "tsc": "bin/tsc",
        "tsserver": "bin/tsserver"
      },
      "engines": {
        "node": ">=4.2.0"
      }
    }
  },
  "dependencies": {
    "@types/node": {
      "version": "12.19.7",
      "resolved": "https://registry.npmjs.org/@types/node/-/node-12.19.7.tgz",
      "integrity": "sha512-zvjOU1g4CpPilbTDUATnZCUb/6lARMRAqzT7ILwl1P3YvU2leEcZ2+fw9+Jrw/paXB1CgQyXTrN4hWDtqT9O2A=="
    },
    "moment": {
      "version": "2.29.3",
      "resolved": "https://registry.npmjs.org/moment/-/moment-2.29.3.tgz",
      "integrity": "sha512-c6YRvhEo//6T2Jz/vVtYzqBzwvPT95JBQ+smCytzf7c50oMZRsR/a4w88aD34I+/QVSfnoAnSBFPJHItlOMJVw=="
    },
    "typescript": {
      "version": "3.9.7",
      "resolved": "https://registry.npmjs.org/typescript/-/typescript-3.9.7.tgz",
      "integrity": "sha512-BLbiRkiBzAwsjut4x/dsibSTB6yWpwT5qWmC2OfuCg3GgVQCSgMs4vEctYPhsaGtd0AeuuHMkjZ2h2WG8MSzRw=="
    }
  }
}
